
Microsoft Visual Studio Solution File, Format Version 12.00
# Visual Studio Version 17
VisualStudioVersion = 17.4.33205.214
MinimumVisualStudioVersion = 10.0.40219.1
Project("{FAE04EC0-301F-11D3-BF4B-00C04F79EFBC}") = "AutoWebApp", "AutoWebApp.csproj", "{B4599195-211C-460C-8AAC-F3E0B624C675}"
EndProject
Global
	GlobalSection(SolutionConfigurationPlatforms) = preSolution
		Debug|Any CPU = Debug|Any CPU
		Release|Any CPU = Release|Any CPU
	EndGlobalSection
	GlobalSection(ProjectConfigurationPlatforms) = postSolution
		{B4599195-211C-460C-8AAC-F3E0B624C675}.Debug|Any CPU.ActiveCfg = Debug|Any CPU
		{B4599195-211C-460C-8AAC-F3E0B624C675}.Debug|Any CPU.Build.0 = Debug|Any CPU
		{B4599195-211C-460C-8AAC-F3E0B624C675}.Release|Any CPU.ActiveCfg = Release|Any CPU
		{B4599195-211C-460C-8AAC-F3E0B624C675}.Release|Any CPU.Build.0 = Release|Any CPU
	EndGlobalSection
	GlobalSection(SolutionProperties) = preSolution
		HideSolutionNode = FALSE
	EndGlobalSection
	GlobalSection(ExtensibilityGlobals) = postSolution
		SolutionGuid = {F56C3F25-D6EF-4352-91FF-328F7CBD2A1F}
	EndGlobalSection
EndGlobal
